// !$*UTF8*$!
{
	archiveVersion = 1;
	classes = {
	};
	objectVersion = 46;
	objects = {

/* Begin PBXBuildFile section */
		8AB5A65E191E08A30072923A /* Cocoa.framework in Frameworks */ = {isa = PBXBuildFile; fileRef = 8AB5A65D191E08A30072923A /* Cocoa.framework */; };
		8AB5A668191E08A30072923A /* InfoPlist.strings in Resources */ = {isa = PBXBuildFile; fileRef = 8AB5A666191E08A30072923A /* InfoPlist.strings */; };
		8AB5A66A191E08A30072923A /* main.m in Sources */ = {isa = PBXBuildFile; fileRef = 8AB5A669191E08A30072923A /* main.m */; };
		8AB5A66E191E08A30072923A /* Credits.rtf in Resources */ = {isa = PBXBuildFile; fileRef = 8AB5A66C191E08A30072923A /* Credits.rtf */; };
		8AB5A671191E08A30072923A /* TTAppDelegate.m in Sources */ = {isa = PBXBuildFile; fileRef = 8AB5A670191E08A30072923A /* TTAppDelegate.m */; };
		8AB5A674191E08A30072923A /* MainMenu.xib in Resources */ = {isa = PBXBuildFile; fileRef = 8AB5A672191E08A30072923A /* MainMenu.xib */; };
		8AB5A676191E08A30072923A /* Images.xcassets in Resources */ = {isa = PBXBuildFile; fileRef = 8AB5A675191E08A30072923A /* Images.xcassets */; };
		8AB5A67D191E08A30072923A /* XCTest.framework in Frameworks */ = {isa = PBXBuildFile; fileRef = 8AB5A67C191E08A30072923A /* XCTest.framework */; };
		8AB5A67E191E08A30072923A /* Cocoa.framework in Frameworks */ = {isa = PBXBuildFile; fileRef = 8AB5A65D191E08A30072923A /* Cocoa.framework */; };
		8AB5A686191E08A30072923A /* InfoPlist.strings in Resources */ = {isa = PBXBuildFile; fileRef = 8AB5A684191E08A30072923A /* InfoPlist.strings */; };
		8AB5A688191E08A30072923A /* TaskTickerTests.m in Sources */ = {isa = PBXBuildFile; fileRef = 8AB5A687191E08A30072923A /* TaskTickerTests.m */; };
		8AB5A692191E18AF0072923A /* NewTaskWindow.xib in Resources */ = {isa = PBXBuildFile; fileRef = 8AB5A691191E18AF0072923A /* NewTaskWindow.xib */; };
		8AB5A695191E1FA00072923A /* TTTaskViewController.m in Sources */ = {isa = PBXBuildFile; fileRef = 8AB5A694191E1FA00072923A /* TTTaskViewController.m */; };
/* End PBXBuildFile section */

/* Begin PBXContainerItemProxy section */
		8AB5A67F191E08A30072923A /* PBXContainerItemProxy */ = {
			isa = PBXContainerItemProxy;
			containerPortal = 8AB5A652191E08A30072923A /* Project object */;
			proxyType = 1;
			remoteGlobalIDString = 8AB5A659191E08A30072923A;
			remoteInfo = TaskTicker;
		};
/* End PBXContainerItemProxy section */

/* Begin PBXFileReference section */
		8AB5A65A191E08A30072923A /* TaskTicker.app */ = {isa = PBXFileReference; explicitFileType = wrapper.application; includeInIndex = 0; path = TaskTicker.app; sourceTree = BUILT_PRODUCTS_DIR; };
		8AB5A65D191E08A30072923A /* Cocoa.framework */ = {isa = PBXFileReference; lastKnownFileType = wrapper.framework; name = Cocoa.framework; path = System/Library/Frameworks/Cocoa.framework; sourceTree = SDKROOT; };
		8AB5A660191E08A30072923A /* AppKit.framework */ = {isa = PBXFileReference; lastKnownFileType = wrapper.framework; name = AppKit.framework; path = System/Library/Frameworks/AppKit.framework; sourceTree = SDKROOT; };
		8AB5A661191E08A30072923A /* CoreData.framework */ = {isa = PBXFileReference; lastKnownFileType = wrapper.framework; name = CoreData.framework; path = System/Library/Frameworks/CoreData.framework; sourceTree = SDKROOT; };
		8AB5A662191E08A30072923A /* Foundation.framework */ = {isa = PBXFileReference; lastKnownFileType = wrapper.framework; name = Foundation.framework; path = System/Library/Frameworks/Foundation.framework; sourceTree = SDKROOT; };
		8AB5A665191E08A30072923A /* TaskTicker-Info.plist */ = {isa = PBXFileReference; lastKnownFileType = text.plist.xml; path = "TaskTicker-Info.plist"; sourceTree = "<group>"; };
		8AB5A667191E08A30072923A /* en */ = {isa = PBXFileReference; lastKnownFileType = text.plist.strings; name = en; path = en.lproj/InfoPlist.strings; sourceTree = "<group>"; };
		8AB5A669191E08A30072923A /* main.m */ = {isa = PBXFileReference; lastKnownFileType = sourcecode.c.objc; path = main.m; sourceTree = "<group>"; };
		8AB5A66B191E08A30072923A /* TaskTicker-Prefix.pch */ = {isa = PBXFileReference; lastKnownFileType = sourcecode.c.h; path = "TaskTicker-Prefix.pch"; sourceTree = "<group>"; };
		8AB5A66D191E08A30072923A /* en */ = {isa = PBXFileReference; lastKnownFileType = text.rtf; name = en; path = en.lproj/Credits.rtf; sourceTree = "<group>"; };
		8AB5A66F191E08A30072923A /* TTAppDelegate.h */ = {isa = PBXFileReference; lastKnownFileType = sourcecode.c.h; path = TTAppDelegate.h; sourceTree = "<group>"; };
		8AB5A670191E08A30072923A /* TTAppDelegate.m */ = {isa = PBXFileReference; lastKnownFileType = sourcecode.c.objc; path = TTAppDelegate.m; sourceTree = "<group>"; };
		8AB5A673191E08A30072923A /* Base */ = {isa = PBXFileReference; lastKnownFileType = file.xib; name = Base; path = Base.lproj/MainMenu.xib; sourceTree = "<group>"; };
		8AB5A675191E08A30072923A /* Images.xcassets */ = {isa = PBXFileReference; lastKnownFileType = folder.assetcatalog; path = Images.xcassets; sourceTree = "<group>"; };
		8AB5A67B191E08A30072923A /* TaskTickerTests.xctest */ = {isa = PBXFileReference; explicitFileType = wrapper.cfbundle; includeInIndex = 0; path = TaskTickerTests.xctest; sourceTree = BUILT_PRODUCTS_DIR; };
		8AB5A67C191E08A30072923A /* XCTest.framework */ = {isa = PBXFileReference; lastKnownFileType = wrapper.framework; name = XCTest.framework; path = Library/Frameworks/XCTest.framework; sourceTree = DEVELOPER_DIR; };
		8AB5A683191E08A30072923A /* TaskTickerTests-Info.plist */ = {isa = PBXFileReference; lastKnownFileType = text.plist.xml; path = "TaskTickerTests-Info.plist"; sourceTree = "<group>"; };
		8AB5A685191E08A30072923A /* en */ = {isa = PBXFileReference; lastKnownFileType = text.plist.strings; name = en; path = en.lproj/InfoPlist.strings; sourceTree = "<group>"; };
		8AB5A687191E08A30072923A /* TaskTickerTests.m */ = {isa = PBXFileReference; lastKnownFileType = sourcecode.c.objc; path = TaskTickerTests.m; sourceTree = "<group>"; };
		8AB5A691191E18AF0072923A /* NewTaskWindow.xib */ = {isa = PBXFileReference; fileEncoding = 4; lastKnownFileType = file.xib; path = NewTaskWindow.xib; sourceTree = "<group>"; };
		8AB5A693191E1FA00072923A /* TTTaskViewController.h */ = {isa = PBXFileReference; fileEncoding = 4; lastKnownFileType = sourcecode.c.h; path = TTTaskViewController.h; sourceTree = "<group>"; };
		8AB5A694191E1FA00072923A /* TTTaskViewController.m */ = {isa = PBXFileReference; fileEncoding = 4; lastKnownFileType = sourcecode.c.objc; path = TTTaskViewController.m; sourceTree = "<group>"; };
/* End PBXFileReference section */

/* Begin PBXFrameworksBuildPhase section */
		8AB5A657191E08A30072923A /* Frameworks */ = {
			isa = PBXFrameworksBuildPhase;
			buildActionMask = 2147483647;
			files = (
				8AB5A65E191E08A30072923A /* Cocoa.framework in Frameworks */,
			);
			runOnlyForDeploymentPostprocessing = 0;
		};
		8AB5A678191E08A30072923A /* Frameworks */ = {
			isa = PBXFrameworksBuildPhase;
			buildActionMask = 2147483647;
			files = (
				8AB5A67E191E08A30072923A /* Cocoa.framework in Frameworks */,
				8AB5A67D191E08A30072923A /* XCTest.framework in Frameworks */,
			);
			runOnlyForDeploymentPostprocessing = 0;
		};
/* End PBXFrameworksBuildPhase section */

/* Begin PBXGroup section */
		8AB5A651191E08A30072923A = {
			isa = PBXGroup;
			children = (
				8AB5A663191E08A30072923A /* TaskTicker */,
				8AB5A681191E08A30072923A /* TaskTickerTests */,
				8AB5A65C191E08A30072923A /* Frameworks */,
				8AB5A65B191E08A30072923A /* Products */,
			);
			sourceTree = "<group>";
		};
		8AB5A65B191E08A30072923A /* Products */ = {
			isa = PBXGroup;
			children = (
				8AB5A65A191E08A30072923A /* TaskTicker.app */,
				8AB5A67B191E08A30072923A /* TaskTickerTests.xctest */,
			);
			name = Products;
			sourceTree = "<group>";
		};
		8AB5A65C191E08A30072923A /* Frameworks */ = {
			isa = PBXGroup;
			children = (
				8AB5A65D191E08A30072923A /* Cocoa.framework */,
				8AB5A67C191E08A30072923A /* XCTest.framework */,
				8AB5A65F191E08A30072923A /* Other Frameworks */,
			);
			name = Frameworks;
			sourceTree = "<group>";
		};
		8AB5A65F191E08A30072923A /* Other Frameworks */ = {
			isa = PBXGroup;
			children = (
				8AB5A660191E08A30072923A /* AppKit.framework */,
				8AB5A661191E08A30072923A /* CoreData.framework */,
				8AB5A662191E08A30072923A /* Foundation.framework */,
			);
			name = "Other Frameworks";
			sourceTree = "<group>";
		};
		8AB5A663191E08A30072923A /* TaskTicker */ = {
			isa = PBXGroup;
			children = (
				8AB5A66F191E08A30072923A /* TTAppDelegate.h */,
				8AB5A670191E08A30072923A /* TTAppDelegate.m */,
				8AB5A672191E08A30072923A /* MainMenu.xib */,
				8AB5A675191E08A30072923A /* Images.xcassets */,
				8AB5A664191E08A30072923A /* Supporting Files */,
				8AB5A691191E18AF0072923A /* NewTaskWindow.xib */,
				8AB5A693191E1FA00072923A /* TTTaskViewController.h */,
				8AB5A694191E1FA00072923A /* TTTaskViewController.m */,
			);
			path = TaskTicker;
			sourceTree = "<group>";
		};
		8AB5A664191E08A30072923A /* Supporting Files */ = {
			isa = PBXGroup;
			children = (
				8AB5A665191E08A30072923A /* TaskTicker-Info.plist */,
				8AB5A666191E08A30072923A /* InfoPlist.strings */,
				8AB5A669191E08A30072923A /* main.m */,
				8AB5A66B191E08A30072923A /* TaskTicker-Prefix.pch */,
				8AB5A66C191E08A30072923A /* Credits.rtf */,
			);
			name = "Supporting Files";
			sourceTree = "<group>";
		};
		8AB5A681191E08A30072923A /* TaskTickerTests */ = {
			isa = PBXGroup;
			children = (
				8AB5A687191E08A30072923A /* TaskTickerTests.m */,
				8AB5A682191E08A30072923A /* Supporting Files */,
			);
			path = TaskTickerTests;
			sourceTree = "<group>";
		};
		8AB5A682191E08A30072923A /* Supporting Files */ = {
			isa = PBXGroup;
			children = (
				8AB5A683191E08A30072923A /* TaskTickerTests-Info.plist */,
				8AB5A684191E08A30072923A /* InfoPlist.strings */,
			);
			name = "Supporting Files";
			sourceTree = "<group>";
		};
/* End PBXGroup section */

/* Begin PBXNativeTarget section */
		8AB5A659191E08A30072923A /* TaskTicker */ = {
			isa = PBXNativeTarget;
			buildConfigurationList = 8AB5A68B191E08A30072923A /* Build configuration list for PBXNativeTarget "TaskTicker" */;
			buildPhases = (
				8AB5A656191E08A30072923A /* Sources */,
				8AB5A657191E08A30072923A /* Frameworks */,
				8AB5A658191E08A30072923A /* Resources */,
			);
			buildRules = (
			);
			dependencies = (
			);
			name = TaskTicker;
			productName = TaskTicker;
			productReference = 8AB5A65A191E08A30072923A /* TaskTicker.app */;
			productType = "com.apple.product-type.application";
		};
		8AB5A67A191E08A30072923A /* TaskTickerTests */ = {
			isa = PBXNativeTarget;
			buildConfigurationList = 8AB5A68E191E08A30072923A /* Build configuration list for PBXNativeTarget "TaskTickerTests" */;
			buildPhases = (
				8AB5A677191E08A30072923A /* Sources */,
				8AB5A678191E08A30072923A /* Frameworks */,
				8AB5A679191E08A30072923A /* Resources */,
			);
			buildRules = (
			);
			dependencies = (
				8AB5A680191E08A30072923A /* PBXTargetDependency */,
			);
			name = TaskTickerTests;
			productName = TaskTickerTests;
			productReference = 8AB5A67B191E08A30072923A /* TaskTickerTests.xctest */;
			productType = "com.apple.product-type.bundle.unit-test";
		};
/* End PBXNativeTarget section */

/* Begin PBXProject section */
		8AB5A652191E08A30072923A /* Project object */ = {
			isa = PBXProject;
			attributes = {
				CLASSPREFIX = TT;
				LastUpgradeCheck = 0510;
				ORGANIZATIONNAME = "Guang Chen";
				TargetAttributes = {
					8AB5A67A191E08A30072923A = {
						TestTargetID = 8AB5A659191E08A30072923A;
					};
				};
			};
			buildConfigurationList = 8AB5A655191E08A30072923A /* Build configuration list for PBXProject "TaskTicker" */;
			compatibilityVersion = "Xcode 3.2";
			developmentRegion = English;
			hasScannedForEncodings = 0;
			knownRegions = (
				en,
				Base,
			);
			mainGroup = 8AB5A651191E08A30072923A;
			productRefGroup = 8AB5A65B191E08A30072923A /* Products */;
			projectDirPath = "";
			projectRoot = "";
			targets = (
				8AB5A659191E08A30072923A /* TaskTicker */,
				8AB5A67A191E08A30072923A /* TaskTickerTests */,
			);
		};
/* End PBXProject section */

/* Begin PBXResourcesBuildPhase section */
		8AB5A658191E08A30072923A /* Resources */ = {
			isa = PBXResourcesBuildPhase;
			buildActionMask = 2147483647;
			files = (
				8AB5A668191E08A30072923A /* InfoPlist.strings in Resources */,
				8AB5A692191E18AF0072923A /* NewTaskWindow.xib in Resources */,
				8AB5A676191E08A30072923A /* Images.xcassets in Resources */,
				8AB5A66E191E08A30072923A /* Credits.rtf in Resources */,
				8AB5A674191E08A30072923A /* MainMenu.xib in Resources */,
			);
			runOnlyForDeploymentPostprocessing = 0;
		};
		8AB5A679191E08A30072923A /* Resources */ = {
			isa = PBXResourcesBuildPhase;
			buildActionMask = 2147483647;
			files = (
				8AB5A686191E08A30072923A /* InfoPlist.strings in Resources */,
			);
			runOnlyForDeploymentPostprocessing = 0;
		};
/* End PBXResourcesBuildPhase section */

/* Begin PBXSourcesBuildPhase section */
		8AB5A656191E08A30072923A /* Sources */ = {
			isa = PBXSourcesBuildPhase;
			buildActionMask = 2147483647;
			files = (
				8AB5A671191E08A30072923A /* TTAppDelegate.m in Sources */,
				8AB5A695191E1FA00072923A /* TTTaskViewController.m in Sources */,
				8AB5A66A191E08A30072923A /* main.m in Sources */,
			);
			runOnlyForDeploymentPostprocessing = 0;
		};
		8AB5A677191E08A30072923A /* Sources */ = {
			isa = PBXSourcesBuildPhase;
			buildActionMask = 2147483647;
			files = (
				8AB5A688191E08A30072923A /* TaskTickerTests.m in Sources */,
			);
			runOnlyForDeploymentPostprocessing = 0;
		};
/* End PBXSourcesBuildPhase section */

/* Begin PBXTargetDependency section */
		8AB5A680191E08A30072923A /* PBXTargetDependency */ = {
			isa = PBXTargetDependency;
			target = 8AB5A659191E08A30072923A /* TaskTicker */;
			targetProxy = 8AB5A67F191E08A30072923A /* PBXContainerItemProxy */;
		};
/* End PBXTargetDependency section */

/* Begin PBXVariantGroup section */
		8AB5A666191E08A30072923A /* InfoPlist.strings */ = {
			isa = PBXVariantGroup;
			children = (
				8AB5A667191E08A30072923A /* en */,
			);
			name = InfoPlist.strings;
			sourceTree = "<group>";
		};
		8AB5A66C191E08A30072923A /* Credits.rtf */ = {
			isa = PBXVariantGroup;
			children = (
				8AB5A66D191E08A30072923A /* en */,
			);
			name = Credits.rtf;
			sourceTree = "<group>";
		};
		8AB5A672191E08A30072923A /* MainMenu.xib */ = {
			isa = PBXVariantGroup;
			children = (
				8AB5A673191E08A30072923A /* Base */,
			);
			name = MainMenu.xib;
			sourceTree = "<group>";
		};
		8AB5A684191E08A30072923A /* InfoPlist.strings */ = {
			isa = PBXVariantGroup;
			children = (
				8AB5A685191E08A30072923A /* en */,
			);
			name = InfoPlist.strings;
			sourceTree = "<group>";
		};
/* End PBXVariantGroup section */

/* Begin XCBuildConfiguration section */
		8AB5A689191E08A30072923A /* Debug */ = {
			isa = XCBuildConfiguration;
			buildSettings = {
				ALWAYS_SEARCH_USER_PATHS = NO;
				CLANG_CXX_LANGUAGE_STANDARD = "gnu++0x";
				CLANG_CXX_LIBRARY = "libc++";
				CLANG_ENABLE_MODULES = YES;
				CLANG_ENABLE_OBJC_ARC = YES;
				CLANG_WARN_BOOL_CONVERSION = YES;
				CLANG_WARN_CONSTANT_CONVERSION = YES;
				CLANG_WARN_DIRECT_OBJC_ISA_USAGE = YES_ERROR;
				CLANG_WARN_EMPTY_BODY = YES;
				CLANG_WARN_ENUM_CONVERSION = YES;
				CLANG_WARN_INT_CONVERSION = YES;
				CLANG_WARN_OBJC_ROOT_CLASS = YES_ERROR;
				CLANG_WARN__DUPLICATE_METHOD_MATCH = YES;
				COPY_PHASE_STRIP = NO;
				GCC_C_LANGUAGE_STANDARD = gnu99;
				GCC_DYNAMIC_NO_PIC = NO;
				GCC_ENABLE_OBJC_EXCEPTIONS = YES;
				GCC_OPTIMIZATION_LEVEL = 0;
				GCC_PREPROCESSOR_DEFINITIONS = (
					"DEBUG=1",
					"$(inherited)",
				);
				GCC_SYMBOLS_PRIVATE_EXTERN = NO;
				GCC_WARN_64_TO_32_BIT_CONVERSION = YES;
				GCC_WARN_ABOUT_RETURN_TYPE = YES_ERROR;
				GCC_WARN_UNDECLARED_SELECTOR = YES;
				GCC_WARN_UNINITIALIZED_AUTOS = YES_AGGRESSIVE;
				GCC_WARN_UNUSED_FUNCTION = YES;
				GCC_WARN_UNUSED_VARIABLE = YES;
				MACOSX_DEPLOYMENT_TARGET = 10.9;
				ONLY_ACTIVE_ARCH = YES;
				SDKROOT = macosx;
			};
			name = Debug;
		};
		8AB5A68A191E08A30072923A /* Release */ = {
			isa = XCBuildConfiguration;
			buildSettings = {
				ALWAYS_SEARCH_USER_PATHS = NO;
				CLANG_CXX_LANGUAGE_STANDARD = "gnu++0x";
				CLANG_CXX_LIBRARY = "libc++";
				CLANG_ENABLE_MODULES = YES;
				CLANG_ENABLE_OBJC_ARC = YES;
				CLANG_WARN_BOOL_CONVERSION = YES;
				CLANG_WARN_CONSTANT_CONVERSION = YES;
				CLANG_WARN_DIRECT_OBJC_ISA_USAGE = YES_ERROR;
				CLANG_WARN_EMPTY_BODY = YES;
				CLANG_WARN_ENUM_CONVERSION = YES;
				CLANG_WARN_INT_CONVERSION = YES;
				CLANG_WARN_OBJC_ROOT_CLASS = YES_ERROR;
				CLANG_WARN__DUPLICATE_METHOD_MATCH = YES;
				COPY_PHASE_STRIP = YES;
				DEBUG_INFORMATION_FORMAT = "dwarf-with-dsym";
				ENABLE_NS_ASSERTIONS = NO;
				GCC_C_LANGUAGE_STANDARD = gnu99;
				GCC_ENABLE_OBJC_EXCEPTIONS = YES;
				GCC_WARN_64_TO_32_BIT_CONVERSION = YES;
				GCC_WARN_ABOUT_RETURN_TYPE = YES_ERROR;
				GCC_WARN_UNDECLARED_SELECTOR = YES;
				GCC_WARN_UNINITIALIZED_AUTOS = YES_AGGRESSIVE;
				GCC_WARN_UNUSED_FUNCTION = YES;
				GCC_WARN_UNUSED_VARIABLE = YES;
				MACOSX_DEPLOYMENT_TARGET = 10.9;
				SDKROOT = macosx;
			};
			name = Release;
		};
		8AB5A68C191E08A30072923A /* Debug */ = {
			isa = XCBuildConfiguration;
			buildSettings = {
				ASSETCATALOG_COMPILER_APPICON_NAME = AppIcon;
				COMBINE_HIDPI_IMAGES = YES;
				GCC_PRECOMPILE_PREFIX_HEADER = YES;
				GCC_PREFIX_HEADER = "TaskTicker/TaskTicker-Prefix.pch";
				INFOPLIST_FILE = "TaskTicker/TaskTicker-Info.plist";
				PRODUCT_NAME = "$(TARGET_NAME)";
				WRAPPER_EXTENSION = app;
			};
			name = Debug;
		};
		8AB5A68D191E08A30072923A /* Release */ = {
			isa = XCBuildConfiguration;
			buildSettings = {
				ASSETCATALOG_COMPILER_APPICON_NAME = AppIcon;
				COMBINE_HIDPI_IMAGES = YES;
				GCC_PRECOMPILE_PREFIX_HEADER = YES;
				GCC_PREFIX_HEADER = "TaskTicker/TaskTicker-Prefix.pch";
				INFOPLIST_FILE = "TaskTicker/TaskTicker-Info.plist";
				PRODUCT_NAME = "$(TARGET_NAME)";
				WRAPPER_EXTENSION = app;
			};
			name = Release;
		};
		8AB5A68F191E08A30072923A /* Debug */ = {
			isa = XCBuildConfiguration;
			buildSettings = {
				BUNDLE_LOADER = "$(BUILT_PRODUCTS_DIR)/TaskTicker.app/Contents/MacOS/TaskTicker";
				COMBINE_HIDPI_IMAGES = YES;
				FRAMEWORK_SEARCH_PATHS = (
					"$(DEVELOPER_FRAMEWORKS_DIR)",
					"$(inherited)",
				);
				GCC_PRECOMPILE_PREFIX_HEADER = YES;
				GCC_PREFIX_HEADER = "TaskTicker/TaskTicker-Prefix.pch";
				GCC_PREPROCESSOR_DEFINITIONS = (
					"DEBUG=1",
					"$(inherited)",
				);
				INFOPLIST_FILE = "TaskTickerTests/TaskTickerTests-Info.plist";
				PRODUCT_NAME = "$(TARGET_NAME)";
				TEST_HOST = "$(BUNDLE_LOADER)";
				WRAPPER_EXTENSION = xctest;
			};
			name = Debug;
		};
		8AB5A690191E08A30072923A /* Release */ = {
			isa = XCBuildConfiguration;
			buildSettings = {
				BUNDLE_LOADER = "$(BUILT_PRODUCTS_DIR)/TaskTicker.app/Contents/MacOS/TaskTicker";
				COMBINE_HIDPI_IMAGES = YES;
				FRAMEWORK_SEARCH_PATHS = (
					"$(DEVELOPER_FRAMEWORKS_DIR)",
					"$(inherited)",
				);
				GCC_PRECOMPILE_PREFIX_HEADER = YES;
				GCC_PREFIX_HEADER = "TaskTicker/TaskTicker-Prefix.pch";
				INFOPLIST_FILE = "TaskTickerTests/TaskTickerTests-Info.plist";
				PRODUCT_NAME = "$(TARGET_NAME)";
				TEST_HOST = "$(BUNDLE_LOADER)";
				WRAPPER_EXTENSION = xctest;
			};
			name = Release;
		};
/* End XCBuildConfiguration section */

/* Begin XCConfigurationList section */
		8AB5A655191E08A30072923A /* Build configuration list for PBXProject "TaskTicker" */ = {
			isa = XCConfigurationList;
			buildConfigurations = (
				8AB5A689191E08A30072923A /* Debug */,
				8AB5A68A191E08A30072923A /* Release */,
			);
			defaultConfigurationIsVisible = 0;
			defaultConfigurationName = Release;
		};
		8AB5A68B191E08A30072923A /* Build configuration list for PBXNativeTarget "TaskTicker" */ = {
			isa = XCConfigurationList;
			buildConfigurations = (
				8AB5A68C191E08A30072923A /* Debug */,
				8AB5A68D191E08A30072923A /* Release */,
			);
			defaultConfigurationIsVisible = 0;
		};
		8AB5A68E191E08A30072923A /* Build configuration list for PBXNativeTarget "TaskTickerTests" */ = {
			isa = XCConfigurationList;
			buildConfigurations = (
				8AB5A68F191E08A30072923A /* Debug */,
				8AB5A690191E08A30072923A /* Release */,
			);
			defaultConfigurationIsVisible = 0;
		};
/* End XCConfigurationList section */
	};
	rootObject = 8AB5A652191E08A30072923A /* Project object */;
}
